
Microsoft Visual Studio Solution File, Format Version 10.00
# Visual C++ Express 2008
Project("{8BC9CEB8-8B4A-11D0-8D11-00A0C91BC942}") = "Cipher", "Cipher.vcproj", "{993840C6-276C-4086-A82F-6256C3339B0E}"
EndProject
Global
	GlobalSection(SolutionConfigurationPlatforms) = preSolution
		Debug|Win32 = Debug|Win32
		Release|Win32 = Release|Win32
	EndGlobalSection
	GlobalSection(ProjectConfigurationPlatforms) = postSolution
		{993840C6-276C-4086-A82F-6256C3339B0E}.Debug|Win32.ActiveCfg = Debug|Win32
		{993840C6-276C-4086-A82F-6256C3339B0E}.Debug|Win32.Build.0 = Debug|Win32
		{993840C6-276C-4086-A82F-6256C3339B0E}.Release|Win32.ActiveCfg = Release|Win32
		{993840C6-276C-4086-A82F-6256C3339B0E}.Release|Win32.Build.0 = Release|Win32
	EndGlobalSection
	GlobalSection(SolutionProperties) = preSolution
		HideSolutionNode = FALSE
	EndGlobalSection
EndGlobal
